// !$*UTF8*$!
{
	archiveVersion = 1;
	classes = {
	};
	objectVersion = 77;
	objects = {

/* Begin PBXBuildFile section */
		9931EDED2EC599E300471EFB /* VisualEffectBlur.swift in Sources */ = {isa = PBXBuildFile; fileRef = 9931EDEC2EC599E200471EFB /* VisualEffectBlur.swift */; };
		99ACFB572EC5866D00B7C107 /* README.md in Resources */ = {isa = PBXBuildFile; fileRef = 99ACFB472EC5866D00B7C107 /* README.md */; };
		99ACFBF62EC58EB100B7C107 /* IMPLEMENTATION_GUIDE.md in Resources */ = {isa = PBXBuildFile; fileRef = 99ACFBF52EC58EB100B7C107 /* IMPLEMENTATION_GUIDE.md */; };
		99ACFBF82EC58ED700B7C107 /* IntegrationHelper.swift in Sources */ = {isa = PBXBuildFile; fileRef = 99ACFBF72EC58ED700B7C107 /* IntegrationHelper.swift */; };
		99ACFBFA2EC58F0D00B7C107 /* FEATURES_COMPLETE.md in Resources */ = {isa = PBXBuildFile; fileRef = 99ACFBF92EC58F0D00B7C107 /* FEATURES_COMPLETE.md */; };
		99ACFBFC2EC58F4D00B7C107 /* ROADMAP_VISUAL.md in Resources */ = {isa = PBXBuildFile; fileRef = 99ACFBFB2EC58F4D00B7C107 /* ROADMAP_VISUAL.md */; };
		99ACFBFE2EC58F7C00B7C107 /* QUICK_REFERENCE.md in Resources */ = {isa = PBXBuildFile; fileRef = 99ACFBFD2EC58F7C00B7C107 /* QUICK_REFERENCE.md */; };
		99ACFC062EC590D100B7C107 /* AIFeatures.swift in Sources */ = {isa = PBXBuildFile; fileRef = 99ACFC052EC590D100B7C107 /* AIFeatures.swift */; };
		99ACFC082EC5910A00B7C107 /* AIFeaturesView.swift in Sources */ = {isa = PBXBuildFile; fileRef = 99ACFC072EC5910A00B7C107 /* AIFeaturesView.swift */; };
/* End PBXBuildFile section */

/* Begin PBXContainerItemProxy section */
		991ECE972EAB26F500BB7684 /* PBXContainerItemProxy */ = {
			isa = PBXContainerItemProxy;
			containerPortal = 991ECE7F2EAB26F000BB7684 /* Project object */;
			proxyType = 1;
			remoteGlobalIDString = 991ECE862EAB26F000BB7684;
			remoteInfo = ScreenGrabber;
		};
		991ECEA12EAB26F500BB7684 /* PBXContainerItemProxy */ = {
			isa = PBXContainerItemProxy;
			containerPortal = 991ECE7F2EAB26F000BB7684 /* Project object */;
			proxyType = 1;
			remoteGlobalIDString = 991ECE862EAB26F000BB7684;
			remoteInfo = ScreenGrabber;
		};
/* End PBXContainerItemProxy section */

/* Begin PBXFileReference section */
		991ECE872EAB26F000BB7684 /* ScreenGrabber.app */ = {isa = PBXFileReference; explicitFileType = wrapper.application; includeInIndex = 0; path = ScreenGrabber.app; sourceTree = BUILT_PRODUCTS_DIR; };
		991ECE962EAB26F500BB7684 /* ScreenGrabberTests.xctest */ = {isa = PBXFileReference; explicitFileType = wrapper.cfbundle; includeInIndex = 0; path = ScreenGrabberTests.xctest; sourceTree = BUILT_PRODUCTS_DIR; };
		991ECEA02EAB26F500BB7684 /* ScreenGrabberUITests.xctest */ = {isa = PBXFileReference; explicitFileType = wrapper.cfbundle; includeInIndex = 0; path = ScreenGrabberUITests.xctest; sourceTree = BUILT_PRODUCTS_DIR; };
		9931EDEC2EC599E200471EFB /* VisualEffectBlur.swift */ = {isa = PBXFileReference; lastKnownFileType = sourcecode.swift; path = VisualEffectBlur.swift; sourceTree = "<group>"; };
		99ACFB472EC5866D00B7C107 /* README.md */ = {isa = PBXFileReference; lastKnownFileType = net.daringfireball.markdown; path = README.md; sourceTree = "<group>"; };
		99ACFBF52EC58EB100B7C107 /* IMPLEMENTATION_GUIDE.md */ = {isa = PBXFileReference; lastKnownFileType = net.daringfireball.markdown; path = IMPLEMENTATION_GUIDE.md; sourceTree = "<group>"; };
		99ACFBF72EC58ED700B7C107 /* IntegrationHelper.swift */ = {isa = PBXFileReference; lastKnownFileType = sourcecode.swift; path = IntegrationHelper.swift; sourceTree = "<group>"; };
		99ACFBF92EC58F0D00B7C107 /* FEATURES_COMPLETE.md */ = {isa = PBXFileReference; lastKnownFileType = net.daringfireball.markdown; path = FEATURES_COMPLETE.md; sourceTree = "<group>"; };
		99ACFBFB2EC58F4D00B7C107 /* ROADMAP_VISUAL.md */ = {isa = PBXFileReference; lastKnownFileType = net.daringfireball.markdown; path = ROADMAP_VISUAL.md; sourceTree = "<group>"; };
		99ACFBFD2EC58F7C00B7C107 /* QUICK_REFERENCE.md */ = {isa = PBXFileReference; lastKnownFileType = net.daringfireball.markdown; path = QUICK_REFERENCE.md; sourceTree = "<group>"; };
		99ACFC052EC590D100B7C107 /* AIFeatures.swift */ = {isa = PBXFileReference; lastKnownFileType = sourcecode.swift; path = AIFeatures.swift; sourceTree = "<group>"; };
		99ACFC072EC5910A00B7C107 /* AIFeaturesView.swift */ = {isa = PBXFileReference; lastKnownFileType = sourcecode.swift; path = AIFeaturesView.swift; sourceTree = "<group>"; };
/* End PBXFileReference section */

/* Begin PBXFileSystemSynchronizedRootGroup section */
		991ECE892EAB26F000BB7684 /* ScreenGrabber */ = {
			isa = PBXFileSystemSynchronizedRootGroup;
			path = ScreenGrabber;
			sourceTree = "<group>";
		};
		991ECE992EAB26F500BB7684 /* ScreenGrabberTests */ = {
			isa = PBXFileSystemSynchronizedRootGroup;
			path = ScreenGrabberTests;
			sourceTree = "<group>";
		};
		991ECEA32EAB26F500BB7684 /* ScreenGrabberUITests */ = {
			isa = PBXFileSystemSynchronizedRootGroup;
			path = ScreenGrabberUITests;
			sourceTree = "<group>";
		};
		991ECEB32EAB360500BB7684 /* Resources */ = {
			isa = PBXFileSystemSynchronizedRootGroup;
			path = Resources;
			sourceTree = "<group>";
		};
/* End PBXFileSystemSynchronizedRootGroup section */

/* Begin PBXFrameworksBuildPhase section */
		991ECE842EAB26F000BB7684 /* Frameworks */ = {
			isa = PBXFrameworksBuildPhase;
			buildActionMask = 2147483647;
			files = (
			);
			runOnlyForDeploymentPostprocessing = 0;
		};
		991ECE932EAB26F500BB7684 /* Frameworks */ = {
			isa = PBXFrameworksBuildPhase;
			buildActionMask = 2147483647;
			files = (
			);
			runOnlyForDeploymentPostprocessing = 0;
		};
		991ECE9D2EAB26F500BB7684 /* Frameworks */ = {
			isa = PBXFrameworksBuildPhase;
			buildActionMask = 2147483647;
			files = (
			);
			runOnlyForDeploymentPostprocessing = 0;
		};
/* End PBXFrameworksBuildPhase section */

/* Begin PBXGroup section */
		991ECE7E2EAB26F000BB7684 = {
			isa = PBXGroup;
			children = (
				991ECEB32EAB360500BB7684 /* Resources */,
				991ECE892EAB26F000BB7684 /* ScreenGrabber */,
				991ECE992EAB26F500BB7684 /* ScreenGrabberTests */,
				991ECEA32EAB26F500BB7684 /* ScreenGrabberUITests */,
				991ECE882EAB26F000BB7684 /* Products */,
				99ACFB472EC5866D00B7C107 /* README.md */,
				99ACFBF52EC58EB100B7C107 /* IMPLEMENTATION_GUIDE.md */,
				99ACFBF72EC58ED700B7C107 /* IntegrationHelper.swift */,
				99ACFBF92EC58F0D00B7C107 /* FEATURES_COMPLETE.md */,
				99ACFBFB2EC58F4D00B7C107 /* ROADMAP_VISUAL.md */,
				99ACFBFD2EC58F7C00B7C107 /* QUICK_REFERENCE.md */,
				99ACFC052EC590D100B7C107 /* AIFeatures.swift */,
				99ACFC072EC5910A00B7C107 /* AIFeaturesView.swift */,
				9931EDEC2EC599E200471EFB /* VisualEffectBlur.swift */,
			);
			sourceTree = "<group>";
		};
		991ECE882EAB26F000BB7684 /* Products */ = {
			isa = PBXGroup;
			children = (
				991ECE872EAB26F000BB7684 /* ScreenGrabber.app */,
				991ECE962EAB26F500BB7684 /* ScreenGrabberTests.xctest */,
				991ECEA02EAB26F500BB7684 /* ScreenGrabberUITests.xctest */,
			);
			name = Products;
			sourceTree = "<group>";
		};
/* End PBXGroup section */

/* Begin PBXNativeTarget section */
		991ECE862EAB26F000BB7684 /* ScreenGrabber */ = {
			isa = PBXNativeTarget;
			buildConfigurationList = 991ECEAA2EAB26F500BB7684 /* Build configuration list for PBXNativeTarget "ScreenGrabber" */;
			buildPhases = (
				991ECE832EAB26F000BB7684 /* Sources */,
				991ECE842EAB26F000BB7684 /* Frameworks */,
				991ECE852EAB26F000BB7684 /* Resources */,
			);
			buildRules = (
			);
			dependencies = (
			);
			fileSystemSynchronizedGroups = (
				991ECE892EAB26F000BB7684 /* ScreenGrabber */,
				991ECEB32EAB360500BB7684 /* Resources */,
			);
			name = ScreenGrabber;
			packageProductDependencies = (
			);
			productName = ScreenGrabber;
			productReference = 991ECE872EAB26F000BB7684 /* ScreenGrabber.app */;
			productType = "com.apple.product-type.application";
		};
		991ECE952EAB26F500BB7684 /* ScreenGrabberTests */ = {
			isa = PBXNativeTarget;
			buildConfigurationList = 991ECEAD2EAB26F500BB7684 /* Build configuration list for PBXNativeTarget "ScreenGrabberTests" */;
			buildPhases = (
				991ECE922EAB26F500BB7684 /* Sources */,
				991ECE932EAB26F500BB7684 /* Frameworks */,
				991ECE942EAB26F500BB7684 /* Resources */,
			);
			buildRules = (
			);
			dependencies = (
				991ECE982EAB26F500BB7684 /* PBXTargetDependency */,
			);
			fileSystemSynchronizedGroups = (
				991ECE992EAB26F500BB7684 /* ScreenGrabberTests */,
			);
			name = ScreenGrabberTests;
			packageProductDependencies = (
			);
			productName = ScreenGrabberTests;
			productReference = 991ECE962EAB26F500BB7684 /* ScreenGrabberTests.xctest */;
			productType = "com.apple.product-type.bundle.unit-test";
		};
		991ECE9F2EAB26F500BB7684 /* ScreenGrabberUITests */ = {
			isa = PBXNativeTarget;
			buildConfigurationList = 991ECEB02EAB26F500BB7684 /* Build configuration list for PBXNativeTarget "ScreenGrabberUITests" */;
			buildPhases = (
				991ECE9C2EAB26F500BB7684 /* Sources */,
				991ECE9D2EAB26F500BB7684 /* Frameworks */,
				991ECE9E2EAB26F500BB7684 /* Resources */,
			);
			buildRules = (
			);
			dependencies = (
				991ECEA22EAB26F500BB7684 /* PBXTargetDependency */,
			);
			fileSystemSynchronizedGroups = (
				991ECEA32EAB26F500BB7684 /* ScreenGrabberUITests */,
			);
			name = ScreenGrabberUITests;
			packageProductDependencies = (
			);
			productName = ScreenGrabberUITests;
			productReference = 991ECEA02EAB26F500BB7684 /* ScreenGrabberUITests.xctest */;
			productType = "com.apple.product-type.bundle.ui-testing";
		};
/* End PBXNativeTarget section */

/* Begin PBXProject section */
		991ECE7F2EAB26F000BB7684 /* Project object */ = {
			isa = PBXProject;
			attributes = {
				BuildIndependentTargetsInParallel = 1;
				LastSwiftUpdateCheck = 2600;
				LastUpgradeCheck = 2600;
				TargetAttributes = {
					991ECE862EAB26F000BB7684 = {
						CreatedOnToolsVersion = 26.0.1;
					};
					991ECE952EAB26F500BB7684 = {
						CreatedOnToolsVersion = 26.0.1;
						TestTargetID = 991ECE862EAB26F000BB7684;
					};
					991ECE9F2EAB26F500BB7684 = {
						CreatedOnToolsVersion = 26.0.1;
						TestTargetID = 991ECE862EAB26F000BB7684;
					};
				};
			};
			buildConfigurationList = 991ECE822EAB26F000BB7684 /* Build configuration list for PBXProject "ScreenGrabber" */;
			developmentRegion = en;
			hasScannedForEncodings = 0;
			knownRegions = (
				en,
				Base,
			);
			mainGroup = 991ECE7E2EAB26F000BB7684;
			minimizedProjectReferenceProxies = 1;
			preferredProjectObjectVersion = 77;
			productRefGroup = 991ECE882EAB26F000BB7684 /* Products */;
			projectDirPath = "";
			projectRoot = "";
			targets = (
				991ECE862EAB26F000BB7684 /* ScreenGrabber */,
				991ECE952EAB26F500BB7684 /* ScreenGrabberTests */,
				991ECE9F2EAB26F500BB7684 /* ScreenGrabberUITests */,
			);
		};
/* End PBXProject section */

/* Begin PBXResourcesBuildPhase section */
		991ECE852EAB26F000BB7684 /* Resources */ = {
			isa = PBXResourcesBuildPhase;
			buildActionMask = 2147483647;
			files = (
				99ACFBFA2EC58F0D00B7C107 /* FEATURES_COMPLETE.md in Resources */,
				99ACFBFC2EC58F4D00B7C107 /* ROADMAP_VISUAL.md in Resources */,
				99ACFBF62EC58EB100B7C107 /* IMPLEMENTATION_GUIDE.md in Resources */,
				99ACFBFE2EC58F7C00B7C107 /* QUICK_REFERENCE.md in Resources */,
				99ACFB572EC5866D00B7C107 /* README.md in Resources */,
			);
			runOnlyForDeploymentPostprocessing = 0;
		};
		991ECE942EAB26F500BB7684 /* Resources */ = {
			isa = PBXResourcesBuildPhase;
			buildActionMask = 2147483647;
			files = (
			);
			runOnlyForDeploymentPostprocessing = 0;
		};
		991ECE9E2EAB26F500BB7684 /* Resources */ = {
			isa = PBXResourcesBuildPhase;
			buildActionMask = 2147483647;
			files = (
			);
			runOnlyForDeploymentPostprocessing = 0;
		};
/* End PBXResourcesBuildPhase section */

/* Begin PBXSourcesBuildPhase section */
		991ECE832EAB26F000BB7684 /* Sources */ = {
			isa = PBXSourcesBuildPhase;
			buildActionMask = 2147483647;
			files = (
				99ACFC082EC5910A00B7C107 /* AIFeaturesView.swift in Sources */,
				9931EDED2EC599E300471EFB /* VisualEffectBlur.swift in Sources */,
				99ACFC062EC590D100B7C107 /* AIFeatures.swift in Sources */,
				99ACFBF82EC58ED700B7C107 /* IntegrationHelper.swift in Sources */,
			);
			runOnlyForDeploymentPostprocessing = 0;
		};
		991ECE922EAB26F500BB7684 /* Sources */ = {
			isa = PBXSourcesBuildPhase;
			buildActionMask = 2147483647;
			files = (
			);
			runOnlyForDeploymentPostprocessing = 0;
		};
		991ECE9C2EAB26F500BB7684 /* Sources */ = {
			isa = PBXSourcesBuildPhase;
			buildActionMask = 2147483647;
			files = (
			);
			runOnlyForDeploymentPostprocessing = 0;
		};
/* End PBXSourcesBuildPhase section */

/* Begin PBXTargetDependency section */
		991ECE982EAB26F500BB7684 /* PBXTargetDependency */ = {
			isa = PBXTargetDependency;
			target = 991ECE862EAB26F000BB7684 /* ScreenGrabber */;
			targetProxy = 991ECE972EAB26F500BB7684 /* PBXContainerItemProxy */;
		};
		991ECEA22EAB26F500BB7684 /* PBXTargetDependency */ = {
			isa = PBXTargetDependency;
			target = 991ECE862EAB26F000BB7684 /* ScreenGrabber */;
			targetProxy = 991ECEA12EAB26F500BB7684 /* PBXContainerItemProxy */;
		};
/* End PBXTargetDependency section */

/* Begin XCBuildConfiguration section */
		991ECEA82EAB26F500BB7684 /* Debug */ = {
			isa = XCBuildConfiguration;
			buildSettings = {
				ALWAYS_SEARCH_USER_PATHS = NO;
				ASSETCATALOG_COMPILER_GENERATE_SWIFT_ASSET_SYMBOL_EXTENSIONS = YES;
				CLANG_ANALYZER_NONNULL = YES;
				CLANG_ANALYZER_NUMBER_OBJECT_CONVERSION = YES_AGGRESSIVE;
				CLANG_CXX_LANGUAGE_STANDARD = "gnu++20";
				CLANG_ENABLE_MODULES = YES;
				CLANG_ENABLE_OBJC_ARC = YES;
				CLANG_ENABLE_OBJC_WEAK = YES;
				CLANG_WARN_BLOCK_CAPTURE_AUTORELEASING = YES;
				CLANG_WARN_BOOL_CONVERSION = YES;
				CLANG_WARN_COMMA = YES;
				CLANG_WARN_CONSTANT_CONVERSION = YES;
				CLANG_WARN_DEPRECATED_OBJC_IMPLEMENTATIONS = YES;
				CLANG_WARN_DIRECT_OBJC_ISA_USAGE = YES_ERROR;
				CLANG_WARN_DOCUMENTATION_COMMENTS = YES;
				CLANG_WARN_EMPTY_BODY = YES;
				CLANG_WARN_ENUM_CONVERSION = YES;
				CLANG_WARN_INFINITE_RECURSION = YES;
				CLANG_WARN_INT_CONVERSION = YES;
				CLANG_WARN_NON_LITERAL_NULL_CONVERSION = YES;
				CLANG_WARN_OBJC_IMPLICIT_RETAIN_SELF = YES;
				CLANG_WARN_OBJC_LITERAL_CONVERSION = YES;
				CLANG_WARN_OBJC_ROOT_CLASS = YES_ERROR;
				CLANG_WARN_QUOTED_INCLUDE_IN_FRAMEWORK_HEADER = YES;
				CLANG_WARN_RANGE_LOOP_ANALYSIS = YES;
				CLANG_WARN_STRICT_PROTOTYPES = YES;
				CLANG_WARN_SUSPICIOUS_MOVE = YES;
				CLANG_WARN_UNGUARDED_AVAILABILITY = YES_AGGRESSIVE;
				CLANG_WARN_UNREACHABLE_CODE = YES;
				CLANG_WARN__DUPLICATE_METHOD_MATCH = YES;
				COPY_PHASE_STRIP = NO;
				DEBUG_INFORMATION_FORMAT = dwarf;
				DEVELOPMENT_TEAM = JNYVSNK3D4;
				ENABLE_STRICT_OBJC_MSGSEND = YES;
				ENABLE_TESTABILITY = YES;
				ENABLE_USER_SCRIPT_SANDBOXING = YES;
				GCC_C_LANGUAGE_STANDARD = gnu17;
				GCC_DYNAMIC_NO_PIC = NO;
				GCC_NO_COMMON_BLOCKS = YES;
				GCC_OPTIMIZATION_LEVEL = 0;
				GCC_PREPROCESSOR_DEFINITIONS = (
					"DEBUG=1",
					"$(inherited)",
				);
				GCC_WARN_64_TO_32_BIT_CONVERSION = YES;
				GCC_WARN_ABOUT_RETURN_TYPE = YES_ERROR;
				GCC_WARN_UNDECLARED_SELECTOR = YES;
				GCC_WARN_UNINITIALIZED_AUTOS = YES_AGGRESSIVE;
				GCC_WARN_UNUSED_FUNCTION = YES;
				GCC_WARN_UNUSED_VARIABLE = YES;
				LOCALIZATION_PREFERS_STRING_CATALOGS = YES;
				MACOSX_DEPLOYMENT_TARGET = 26.0;
				MTL_ENABLE_DEBUG_INFO = INCLUDE_SOURCE;
				MTL_FAST_MATH = YES;
				ONLY_ACTIVE_ARCH = YES;
				SDKROOT = macosx;
				SWIFT_ACTIVE_COMPILATION_CONDITIONS = "DEBUG $(inherited)";
				SWIFT_OPTIMIZATION_LEVEL = "-Onone";
			};
			name = Debug;
		};
		991ECEA92EAB26F500BB7684 /* Release */ = {
			isa = XCBuildConfiguration;
			buildSettings = {
				ALWAYS_SEARCH_USER_PATHS = NO;
				ASSETCATALOG_COMPILER_GENERATE_SWIFT_ASSET_SYMBOL_EXTENSIONS = YES;
				CLANG_ANALYZER_NONNULL = YES;
				CLANG_ANALYZER_NUMBER_OBJECT_CONVERSION = YES_AGGRESSIVE;
				CLANG_CXX_LANGUAGE_STANDARD = "gnu++20";
				CLANG_ENABLE_MODULES = YES;
				CLANG_ENABLE_OBJC_ARC = YES;
				CLANG_ENABLE_OBJC_WEAK = YES;
				CLANG_WARN_BLOCK_CAPTURE_AUTORELEASING = YES;
				CLANG_WARN_BOOL_CONVERSION = YES;
				CLANG_WARN_COMMA = YES;
				CLANG_WARN_CONSTANT_CONVERSION = YES;
				CLANG_WARN_DEPRECATED_OBJC_IMPLEMENTATIONS = YES;
				CLANG_WARN_DIRECT_OBJC_ISA_USAGE = YES_ERROR;
				CLANG_WARN_DOCUMENTATION_COMMENTS = YES;
				CLANG_WARN_EMPTY_BODY = YES;
				CLANG_WARN_ENUM_CONVERSION = YES;
				CLANG_WARN_INFINITE_RECURSION = YES;
				CLANG_WARN_INT_CONVERSION = YES;
				CLANG_WARN_NON_LITERAL_NULL_CONVERSION = YES;
				CLANG_WARN_OBJC_IMPLICIT_RETAIN_SELF = YES;
				CLANG_WARN_OBJC_LITERAL_CONVERSION = YES;
				CLANG_WARN_OBJC_ROOT_CLASS = YES_ERROR;
				CLANG_WARN_QUOTED_INCLUDE_IN_FRAMEWORK_HEADER = YES;
				CLANG_WARN_RANGE_LOOP_ANALYSIS = YES;
				CLANG_WARN_STRICT_PROTOTYPES = YES;
				CLANG_WARN_SUSPICIOUS_MOVE = YES;
				CLANG_WARN_UNGUARDED_AVAILABILITY = YES_AGGRESSIVE;
				CLANG_WARN_UNREACHABLE_CODE = YES;
				CLANG_WARN__DUPLICATE_METHOD_MATCH = YES;
				COPY_PHASE_STRIP = NO;
				DEBUG_INFORMATION_FORMAT = "dwarf-with-dsym";
				DEVELOPMENT_TEAM = JNYVSNK3D4;
				ENABLE_NS_ASSERTIONS = NO;
				ENABLE_STRICT_OBJC_MSGSEND = YES;
				ENABLE_USER_SCRIPT_SANDBOXING = YES;
				GCC_C_LANGUAGE_STANDARD = gnu17;
				GCC_NO_COMMON_BLOCKS = YES;
				GCC_WARN_64_TO_32_BIT_CONVERSION = YES;
				GCC_WARN_ABOUT_RETURN_TYPE = YES_ERROR;
				GCC_WARN_UNDECLARED_SELECTOR = YES;
				GCC_WARN_UNINITIALIZED_AUTOS = YES_AGGRESSIVE;
				GCC_WARN_UNUSED_FUNCTION = YES;
				GCC_WARN_UNUSED_VARIABLE = YES;
				LOCALIZATION_PREFERS_STRING_CATALOGS = YES;
				MACOSX_DEPLOYMENT_TARGET = 26.0;
				MTL_ENABLE_DEBUG_INFO = NO;
				MTL_FAST_MATH = YES;
				SDKROOT = macosx;
				SWIFT_COMPILATION_MODE = wholemodule;
			};
			name = Release;
		};
		991ECEAB2EAB26F500BB7684 /* Debug */ = {
			isa = XCBuildConfiguration;
			buildSettings = {
				ASSETCATALOG_COMPILER_APPICON_NAME = AppIcon;
				ASSETCATALOG_COMPILER_GLOBAL_ACCENT_COLOR_NAME = AccentColor;
				CODE_SIGN_STYLE = Automatic;
				COMBINE_HIDPI_IMAGES = YES;
				CURRENT_PROJECT_VERSION = 1;
				DEVELOPMENT_TEAM = JNYVSNK3D4;
				ENABLE_APP_SANDBOX = YES;
				ENABLE_HARDENED_RUNTIME = YES;
				ENABLE_PREVIEWS = YES;
				ENABLE_USER_SELECTED_FILES = readonly;
				GENERATE_INFOPLIST_FILE = YES;
				INFOPLIST_KEY_NSHumanReadableCopyright = "";
				LD_RUNPATH_SEARCH_PATHS = (
					"$(inherited)",
					"@executable_path/../Frameworks",
				);
				MARKETING_VERSION = 1.0;
				PRODUCT_BUNDLE_IDENTIFIER = pinkkamii.ScreenGrabber;
				PRODUCT_NAME = "$(TARGET_NAME)";
				REGISTER_APP_GROUPS = YES;
				STRING_CATALOG_GENERATE_SYMBOLS = YES;
				SWIFT_APPROACHABLE_CONCURRENCY = YES;
				SWIFT_DEFAULT_ACTOR_ISOLATION = MainActor;
				SWIFT_EMIT_LOC_STRINGS = YES;
				SWIFT_UPCOMING_FEATURE_MEMBER_IMPORT_VISIBILITY = YES;
				SWIFT_VERSION = 5.0;
			};
			name = Debug;
		};
		991ECEAC2EAB26F500BB7684 /* Release */ = {
			isa = XCBuildConfiguration;
			buildSettings = {
				ASSETCATALOG_COMPILER_APPICON_NAME = AppIcon;
				ASSETCATALOG_COMPILER_GLOBAL_ACCENT_COLOR_NAME = AccentColor;
				CODE_SIGN_STYLE = Automatic;
				COMBINE_HIDPI_IMAGES = YES;
				CURRENT_PROJECT_VERSION = 1;
				DEVELOPMENT_TEAM = JNYVSNK3D4;
				ENABLE_APP_SANDBOX = YES;
				ENABLE_HARDENED_RUNTIME = YES;
				ENABLE_PREVIEWS = YES;
				ENABLE_USER_SELECTED_FILES = readonly;
				GENERATE_INFOPLIST_FILE = YES;
				INFOPLIST_KEY_NSHumanReadableCopyright = "";
				LD_RUNPATH_SEARCH_PATHS = (
					"$(inherited)",
					"@executable_path/../Frameworks",
				);
				MARKETING_VERSION = 1.0;
				PRODUCT_BUNDLE_IDENTIFIER = pinkkamii.ScreenGrabber;
				PRODUCT_NAME = "$(TARGET_NAME)";
				REGISTER_APP_GROUPS = YES;
				STRING_CATALOG_GENERATE_SYMBOLS = YES;
				SWIFT_APPROACHABLE_CONCURRENCY = YES;
				SWIFT_DEFAULT_ACTOR_ISOLATION = MainActor;
				SWIFT_EMIT_LOC_STRINGS = YES;
				SWIFT_UPCOMING_FEATURE_MEMBER_IMPORT_VISIBILITY = YES;
				SWIFT_VERSION = 5.0;
			};
			name = Release;
		};
		991ECEAE2EAB26F500BB7684 /* Debug */ = {
			isa = XCBuildConfiguration;
			buildSettings = {
				BUNDLE_LOADER = "$(TEST_HOST)";
				CODE_SIGN_STYLE = Automatic;
				CURRENT_PROJECT_VERSION = 1;
				DEVELOPMENT_TEAM = JNYVSNK3D4;
				GENERATE_INFOPLIST_FILE = YES;
				MACOSX_DEPLOYMENT_TARGET = 26.0;
				MARKETING_VERSION = 1.0;
				PRODUCT_BUNDLE_IDENTIFIER = pinkkamii.ScreenGrabberTests;
				PRODUCT_NAME = "$(TARGET_NAME)";
				STRING_CATALOG_GENERATE_SYMBOLS = NO;
				SWIFT_APPROACHABLE_CONCURRENCY = YES;
				SWIFT_EMIT_LOC_STRINGS = NO;
				SWIFT_UPCOMING_FEATURE_MEMBER_IMPORT_VISIBILITY = YES;
				SWIFT_VERSION = 5.0;
				TEST_HOST = "$(BUILT_PRODUCTS_DIR)/ScreenGrabber.app/$(BUNDLE_EXECUTABLE_FOLDER_PATH)/ScreenGrabber";
			};
			name = Debug;
		};
		991ECEAF2EAB26F500BB7684 /* Release */ = {
			isa = XCBuildConfiguration;
			buildSettings = {
				BUNDLE_LOADER = "$(TEST_HOST)";
				CODE_SIGN_STYLE = Automatic;
				CURRENT_PROJECT_VERSION = 1;
				DEVELOPMENT_TEAM = JNYVSNK3D4;
				GENERATE_INFOPLIST_FILE = YES;
				MACOSX_DEPLOYMENT_TARGET = 26.0;
				MARKETING_VERSION = 1.0;
				PRODUCT_BUNDLE_IDENTIFIER = pinkkamii.ScreenGrabberTests;
				PRODUCT_NAME = "$(TARGET_NAME)";
				STRING_CATALOG_GENERATE_SYMBOLS = NO;
				SWIFT_APPROACHABLE_CONCURRENCY = YES;
				SWIFT_EMIT_LOC_STRINGS = NO;
				SWIFT_UPCOMING_FEATURE_MEMBER_IMPORT_VISIBILITY = YES;
				SWIFT_VERSION = 5.0;
				TEST_HOST = "$(BUILT_PRODUCTS_DIR)/ScreenGrabber.app/$(BUNDLE_EXECUTABLE_FOLDER_PATH)/ScreenGrabber";
			};
			name = Release;
		};
		991ECEB12EAB26F500BB7684 /* Debug */ = {
			isa = XCBuildConfiguration;
			buildSettings = {
				CODE_SIGN_STYLE = Automatic;
				CURRENT_PROJECT_VERSION = 1;
				DEVELOPMENT_TEAM = JNYVSNK3D4;
				GENERATE_INFOPLIST_FILE = YES;
				MARKETING_VERSION = 1.0;
				PRODUCT_BUNDLE_IDENTIFIER = pinkkamii.ScreenGrabberUITests;
				PRODUCT_NAME = "$(TARGET_NAME)";
				STRING_CATALOG_GENERATE_SYMBOLS = NO;
				SWIFT_APPROACHABLE_CONCURRENCY = YES;
				SWIFT_EMIT_LOC_STRINGS = NO;
				SWIFT_UPCOMING_FEATURE_MEMBER_IMPORT_VISIBILITY = YES;
				SWIFT_VERSION = 5.0;
				TEST_TARGET_NAME = ScreenGrabber;
			};
			name = Debug;
		};
		991ECEB22EAB26F500BB7684 /* Release */ = {
			isa = XCBuildConfiguration;
			buildSettings = {
				CODE_SIGN_STYLE = Automatic;
				CURRENT_PROJECT_VERSION = 1;
				DEVELOPMENT_TEAM = JNYVSNK3D4;
				GENERATE_INFOPLIST_FILE = YES;
				MARKETING_VERSION = 1.0;
				PRODUCT_BUNDLE_IDENTIFIER = pinkkamii.ScreenGrabberUITests;
				PRODUCT_NAME = "$(TARGET_NAME)";
				STRING_CATALOG_GENERATE_SYMBOLS = NO;
				SWIFT_APPROACHABLE_CONCURRENCY = YES;
				SWIFT_EMIT_LOC_STRINGS = NO;
				SWIFT_UPCOMING_FEATURE_MEMBER_IMPORT_VISIBILITY = YES;
				SWIFT_VERSION = 5.0;
				TEST_TARGET_NAME = ScreenGrabber;
			};
			name = Release;
		};
/* End XCBuildConfiguration section */

/* Begin XCConfigurationList section */
		991ECE822EAB26F000BB7684 /* Build configuration list for PBXProject "ScreenGrabber" */ = {
			isa = XCConfigurationList;
			buildConfigurations = (
				991ECEA82EAB26F500BB7684 /* Debug */,
				991ECEA92EAB26F500BB7684 /* Release */,
			);
			defaultConfigurationIsVisible = 0;
			defaultConfigurationName = Release;
		};
		991ECEAA2EAB26F500BB7684 /* Build configuration list for PBXNativeTarget "ScreenGrabber" */ = {
			isa = XCConfigurationList;
			buildConfigurations = (
				991ECEAB2EAB26F500BB7684 /* Debug */,
				991ECEAC2EAB26F500BB7684 /* Release */,
			);
			defaultConfigurationIsVisible = 0;
			defaultConfigurationName = Release;
		};
		991ECEAD2EAB26F500BB7684 /* Build configuration list for PBXNativeTarget "ScreenGrabberTests" */ = {
			isa = XCConfigurationList;
			buildConfigurations = (
				991ECEAE2EAB26F500BB7684 /* Debug */,
				991ECEAF2EAB26F500BB7684 /* Release */,
			);
			defaultConfigurationIsVisible = 0;
			defaultConfigurationName = Release;
		};
		991ECEB02EAB26F500BB7684 /* Build configuration list for PBXNativeTarget "ScreenGrabberUITests" */ = {
			isa = XCConfigurationList;
			buildConfigurations = (
				991ECEB12EAB26F500BB7684 /* Debug */,
				991ECEB22EAB26F500BB7684 /* Release */,
			);
			defaultConfigurationIsVisible = 0;
			defaultConfigurationName = Release;
		};
/* End XCConfigurationList section */
	};
	rootObject = 991ECE7F2EAB26F000BB7684 /* Project object */;
}
